{
  "name": "drive-downloader",
  "version": "1.0.0",
  "lockfileVersion": 1,
  "requires": true,
  "dependencies": {
    "@types/gapi": {
      "version": "0.0.39",
      "resolved": "https://registry.npmjs.org/@types/gapi/-/gapi-0.0.39.tgz",
      "integrity": "sha512-R1TZeZbvvbIC60DBJMhuOEivQHzOQtzl3uMDOOENTYQTSSDB6oEMpJo8HVPOTWivdUTbyEcB5qQOVr/JCKRlCQ=="
    }
  }
}
